// !$*UTF8*$!
{
	archiveVersion = 1;
	classes = {
	};
	objectVersion = 50;
	objects = {

/* Begin PBXBuildFile section */
		37AB6A732179B514008FE531 /* AppDelegate.swift in Sources */ = {isa = PBXBuildFile; fileRef = 37AB6A722179B514008FE531 /* AppDelegate.swift */; };
		37AB6A752179B514008FE531 /* ViewController.swift in Sources */ = {isa = PBXBuildFile; fileRef = 37AB6A742179B514008FE531 /* ViewController.swift */; };
		37AB6A782179B514008FE531 /* Main.storyboard in Resources */ = {isa = PBXBuildFile; fileRef = 37AB6A762179B514008FE531 /* Main.storyboard */; };
		37AB6A7A2179B520008FE531 /* Assets.xcassets in Resources */ = {isa = PBXBuildFile; fileRef = 37AB6A792179B520008FE531 /* Assets.xcassets */; };
		37AB6A7D2179B520008FE531 /* LaunchScreen.storyboard in Resources */ = {isa = PBXBuildFile; fileRef = 37AB6A7B2179B520008FE531 /* LaunchScreen.storyboard */; };
		37AB6A852179B71D008FE531 /* DetailPageViewController.swift in Sources */ = {isa = PBXBuildFile; fileRef = 37AB6A842179B71D008FE531 /* DetailPageViewController.swift */; };
		37AB6A882179B73B008FE531 /* NetworkInterface.swift in Sources */ = {isa = PBXBuildFile; fileRef = 37AB6A862179B73B008FE531 /* NetworkInterface.swift */; };
		37AB6A892179B73B008FE531 /* AlertController.swift in Sources */ = {isa = PBXBuildFile; fileRef = 37AB6A872179B73B008FE531 /* AlertController.swift */; };
		37AB6A8D2179C07D008FE531 /* TableCell.swift in Sources */ = {isa = PBXBuildFile; fileRef = 37AB6A8C2179C07D008FE531 /* TableCell.swift */; };
		37AB6A8F2179C341008FE531 /* Page.swift in Sources */ = {isa = PBXBuildFile; fileRef = 37AB6A8E2179C341008FE531 /* Page.swift */; };
		37AB6A922179D132008FE531 /* Model.xcdatamodeld in Sources */ = {isa = PBXBuildFile; fileRef = 37AB6A902179D132008FE531 /* Model.xcdatamodeld */; };
		37AB6A942179D18A008FE531 /* PersistantService.swift in Sources */ = {isa = PBXBuildFile; fileRef = 37AB6A932179D18A008FE531 /* PersistantService.swift */; };
		37AB6A962179DBAC008FE531 /* placeholder.png in Resources */ = {isa = PBXBuildFile; fileRef = 37AB6A952179DBAC008FE531 /* placeholder.png */; };
/* End PBXBuildFile section */

/* Begin PBXFileReference section */
		37AB6A6F2179B514008FE531 /* WikiSearch.app */ = {isa = PBXFileReference; explicitFileType = wrapper.application; includeInIndex = 0; path = WikiSearch.app; sourceTree = BUILT_PRODUCTS_DIR; };
		37AB6A722179B514008FE531 /* AppDelegate.swift */ = {isa = PBXFileReference; lastKnownFileType = sourcecode.swift; path = AppDelegate.swift; sourceTree = "<group>"; };
		37AB6A742179B514008FE531 /* ViewController.swift */ = {isa = PBXFileReference; lastKnownFileType = sourcecode.swift; path = ViewController.swift; sourceTree = "<group>"; };
		37AB6A772179B514008FE531 /* Base */ = {isa = PBXFileReference; lastKnownFileType = file.storyboard; name = Base; path = Base.lproj/Main.storyboard; sourceTree = "<group>"; };
		37AB6A792179B520008FE531 /* Assets.xcassets */ = {isa = PBXFileReference; lastKnownFileType = folder.assetcatalog; path = Assets.xcassets; sourceTree = "<group>"; };
		37AB6A7C2179B520008FE531 /* Base */ = {isa = PBXFileReference; lastKnownFileType = file.storyboard; name = Base; path = Base.lproj/LaunchScreen.storyboard; sourceTree = "<group>"; };
		37AB6A7E2179B520008FE531 /* Info.plist */ = {isa = PBXFileReference; lastKnownFileType = text.plist.xml; path = Info.plist; sourceTree = "<group>"; };
		37AB6A842179B71D008FE531 /* DetailPageViewController.swift */ = {isa = PBXFileReference; fileEncoding = 4; lastKnownFileType = sourcecode.swift; path = DetailPageViewController.swift; sourceTree = "<group>"; };
		37AB6A862179B73B008FE531 /* NetworkInterface.swift */ = {isa = PBXFileReference; fileEncoding = 4; lastKnownFileType = sourcecode.swift; path = NetworkInterface.swift; sourceTree = "<group>"; };
		37AB6A872179B73B008FE531 /* AlertController.swift */ = {isa = PBXFileReference; fileEncoding = 4; lastKnownFileType = sourcecode.swift; path = AlertController.swift; sourceTree = "<group>"; };
		37AB6A8C2179C07D008FE531 /* TableCell.swift */ = {isa = PBXFileReference; lastKnownFileType = sourcecode.swift; path = TableCell.swift; sourceTree = "<group>"; };
		37AB6A8E2179C341008FE531 /* Page.swift */ = {isa = PBXFileReference; fileEncoding = 4; lastKnownFileType = sourcecode.swift; path = Page.swift; sourceTree = "<group>"; };
		37AB6A912179D132008FE531 /* Model.xcdatamodel */ = {isa = PBXFileReference; lastKnownFileType = wrapper.xcdatamodel; path = Model.xcdatamodel; sourceTree = "<group>"; };
		37AB6A932179D18A008FE531 /* PersistantService.swift */ = {isa = PBXFileReference; fileEncoding = 4; lastKnownFileType = sourcecode.swift; path = PersistantService.swift; sourceTree = "<group>"; };
		37AB6A952179DBAC008FE531 /* placeholder.png */ = {isa = PBXFileReference; lastKnownFileType = image.png; path = placeholder.png; sourceTree = "<group>"; };
/* End PBXFileReference section */

/* Begin PBXFrameworksBuildPhase section */
		37AB6A6C2179B514008FE531 /* Frameworks */ = {
			isa = PBXFrameworksBuildPhase;
			buildActionMask = 2147483647;
			files = (
			);
			runOnlyForDeploymentPostprocessing = 0;
		};
/* End PBXFrameworksBuildPhase section */

/* Begin PBXGroup section */
		37AB6A662179B514008FE531 = {
			isa = PBXGroup;
			children = (
				37AB6A712179B514008FE531 /* WikiSearch */,
				37AB6A702179B514008FE531 /* Products */,
			);
			sourceTree = "<group>";
		};
		37AB6A702179B514008FE531 /* Products */ = {
			isa = PBXGroup;
			children = (
				37AB6A6F2179B514008FE531 /* WikiSearch.app */,
			);
			name = Products;
			sourceTree = "<group>";
		};
		37AB6A712179B514008FE531 /* WikiSearch */ = {
			isa = PBXGroup;
			children = (
				37B3B1A1217C8B6800E244F2 /* Images */,
				37B3B1A0217C8B5600E244F2 /* Other */,
				37B3B19F217C8B4300E244F2 /* Network */,
				37B3B19E217C8B2A00E244F2 /* Model */,
				37B3B19D217C8AF400E244F2 /* ViewControllers */,
				37AB6A762179B514008FE531 /* Main.storyboard */,
				37AB6A792179B520008FE531 /* Assets.xcassets */,
				37AB6A7B2179B520008FE531 /* LaunchScreen.storyboard */,
				37AB6A7E2179B520008FE531 /* Info.plist */,
			);
			path = WikiSearch;
			sourceTree = "<group>";
		};
		37B3B19D217C8AF400E244F2 /* ViewControllers */ = {
			isa = PBXGroup;
			children = (
				37AB6A742179B514008FE531 /* ViewController.swift */,
				37AB6A872179B73B008FE531 /* AlertController.swift */,
				37AB6A842179B71D008FE531 /* DetailPageViewController.swift */,
				37AB6A8C2179C07D008FE531 /* TableCell.swift */,
			);
			path = ViewControllers;
			sourceTree = "<group>";
		};
		37B3B19E217C8B2A00E244F2 /* Model */ = {
			isa = PBXGroup;
			children = (
				37AB6A902179D132008FE531 /* Model.xcdatamodeld */,
				37AB6A932179D18A008FE531 /* PersistantService.swift */,
			);
			path = Model;
			sourceTree = "<group>";
		};
		37B3B19F217C8B4300E244F2 /* Network */ = {
			isa = PBXGroup;
			children = (
				37AB6A862179B73B008FE531 /* NetworkInterface.swift */,
			);
			path = Network;
			sourceTree = "<group>";
		};
		37B3B1A0217C8B5600E244F2 /* Other */ = {
			isa = PBXGroup;
			children = (
				37AB6A8E2179C341008FE531 /* Page.swift */,
				37AB6A722179B514008FE531 /* AppDelegate.swift */,
			);
			path = Other;
			sourceTree = "<group>";
		};
		37B3B1A1217C8B6800E244F2 /* Images */ = {
			isa = PBXGroup;
			children = (
				37AB6A952179DBAC008FE531 /* placeholder.png */,
			);
			path = Images;
			sourceTree = "<group>";
		};
/* End PBXGroup section */

/* Begin PBXNativeTarget section */
		37AB6A6E2179B514008FE531 /* WikiSearch */ = {
			isa = PBXNativeTarget;
			buildConfigurationList = 37AB6A812179B520008FE531 /* Build configuration list for PBXNativeTarget "WikiSearch" */;
			buildPhases = (
				37AB6A6B2179B514008FE531 /* Sources */,
				37AB6A6C2179B514008FE531 /* Frameworks */,
				37AB6A6D2179B514008FE531 /* Resources */,
			);
			buildRules = (
			);
			dependencies = (
			);
			name = WikiSearch;
			productName = WikiSearch;
			productReference = 37AB6A6F2179B514008FE531 /* WikiSearch.app */;
			productType = "com.apple.product-type.application";
		};
/* End PBXNativeTarget section */

/* Begin PBXProject section */
		37AB6A672179B514008FE531 /* Project object */ = {
			isa = PBXProject;
			attributes = {
				LastSwiftUpdateCheck = 0940;
				LastUpgradeCheck = 0940;
				ORGANIZATIONNAME = Karthik;
				TargetAttributes = {
					37AB6A6E2179B514008FE531 = {
						CreatedOnToolsVersion = 9.4;
					};
				};
			};
			buildConfigurationList = 37AB6A6A2179B514008FE531 /* Build configuration list for PBXProject "WikiSearch" */;
			compatibilityVersion = "Xcode 9.3";
			developmentRegion = en;
			hasScannedForEncodings = 0;
			knownRegions = (
				en,
				Base,
			);
			mainGroup = 37AB6A662179B514008FE531;
			productRefGroup = 37AB6A702179B514008FE531 /* Products */;
			projectDirPath = "";
			projectRoot = "";
			targets = (
				37AB6A6E2179B514008FE531 /* WikiSearch */,
			);
		};
/* End PBXProject section */

/* Begin PBXResourcesBuildPhase section */
		37AB6A6D2179B514008FE531 /* Resources */ = {
			isa = PBXResourcesBuildPhase;
			buildActionMask = 2147483647;
			files = (
				37AB6A7D2179B520008FE531 /* LaunchScreen.storyboard in Resources */,
				37AB6A962179DBAC008FE531 /* placeholder.png in Resources */,
				37AB6A7A2179B520008FE531 /* Assets.xcassets in Resources */,
				37AB6A782179B514008FE531 /* Main.storyboard in Resources */,
			);
			runOnlyForDeploymentPostprocessing = 0;
		};
/* End PBXResourcesBuildPhase section */

/* Begin PBXSourcesBuildPhase section */
		37AB6A6B2179B514008FE531 /* Sources */ = {
			isa = PBXSourcesBuildPhase;
			buildActionMask = 2147483647;
			files = (
				37AB6A8D2179C07D008FE531 /* TableCell.swift in Sources */,
				37AB6A882179B73B008FE531 /* NetworkInterface.swift in Sources */,
				37AB6A892179B73B008FE531 /* AlertController.swift in Sources */,
				37AB6A922179D132008FE531 /* Model.xcdatamodeld in Sources */,
				37AB6A852179B71D008FE531 /* DetailPageViewController.swift in Sources */,
				37AB6A8F2179C341008FE531 /* Page.swift in Sources */,
				37AB6A752179B514008FE531 /* ViewController.swift in Sources */,
				37AB6A942179D18A008FE531 /* PersistantService.swift in Sources */,
				37AB6A732179B514008FE531 /* AppDelegate.swift in Sources */,
			);
			runOnlyForDeploymentPostprocessing = 0;
		};
/* End PBXSourcesBuildPhase section */

/* Begin PBXVariantGroup section */
		37AB6A762179B514008FE531 /* Main.storyboard */ = {
			isa = PBXVariantGroup;
			children = (
				37AB6A772179B514008FE531 /* Base */,
			);
			name = Main.storyboard;
			sourceTree = "<group>";
		};
		37AB6A7B2179B520008FE531 /* LaunchScreen.storyboard */ = {
			isa = PBXVariantGroup;
			children = (
				37AB6A7C2179B520008FE531 /* Base */,
			);
			name = LaunchScreen.storyboard;
			sourceTree = "<group>";
		};
/* End PBXVariantGroup section */

/* Begin XCBuildConfiguration section */
		37AB6A7F2179B520008FE531 /* Debug */ = {
			isa = XCBuildConfiguration;
			buildSettings = {
				ALWAYS_SEARCH_USER_PATHS = NO;
				CLANG_ANALYZER_NONNULL = YES;
				CLANG_ANALYZER_NUMBER_OBJECT_CONVERSION = YES_AGGRESSIVE;
				CLANG_CXX_LANGUAGE_STANDARD = "gnu++14";
				CLANG_CXX_LIBRARY = "libc++";
				CLANG_ENABLE_MODULES = YES;
				CLANG_ENABLE_OBJC_ARC = YES;
				CLANG_ENABLE_OBJC_WEAK = YES;
				CLANG_WARN_BLOCK_CAPTURE_AUTORELEASING = YES;
				CLANG_WARN_BOOL_CONVERSION = YES;
				CLANG_WARN_COMMA = YES;
				CLANG_WARN_CONSTANT_CONVERSION = YES;
				CLANG_WARN_DEPRECATED_OBJC_IMPLEMENTATIONS = YES;
				CLANG_WARN_DIRECT_OBJC_ISA_USAGE = YES_ERROR;
				CLANG_WARN_DOCUMENTATION_COMMENTS = YES;
				CLANG_WARN_EMPTY_BODY = YES;
				CLANG_WARN_ENUM_CONVERSION = YES;
				CLANG_WARN_INFINITE_RECURSION = YES;
				CLANG_WARN_INT_CONVERSION = YES;
				CLANG_WARN_NON_LITERAL_NULL_CONVERSION = YES;
				CLANG_WARN_OBJC_IMPLICIT_RETAIN_SELF = YES;
				CLANG_WARN_OBJC_LITERAL_CONVERSION = YES;
				CLANG_WARN_OBJC_ROOT_CLASS = YES_ERROR;
				CLANG_WARN_RANGE_LOOP_ANALYSIS = YES;
				CLANG_WARN_STRICT_PROTOTYPES = YES;
				CLANG_WARN_SUSPICIOUS_MOVE = YES;
				CLANG_WARN_UNGUARDED_AVAILABILITY = YES_AGGRESSIVE;
				CLANG_WARN_UNREACHABLE_CODE = YES;
				CLANG_WARN__DUPLICATE_METHOD_MATCH = YES;
				CODE_SIGN_IDENTITY = "iPhone Developer";
				COPY_PHASE_STRIP = NO;
				DEBUG_INFORMATION_FORMAT = dwarf;
				ENABLE_STRICT_OBJC_MSGSEND = YES;
				ENABLE_TESTABILITY = YES;
				GCC_C_LANGUAGE_STANDARD = gnu11;
				GCC_DYNAMIC_NO_PIC = NO;
				GCC_NO_COMMON_BLOCKS = YES;
				GCC_OPTIMIZATION_LEVEL = 0;
				GCC_PREPROCESSOR_DEFINITIONS = (
					"DEBUG=1",
					"$(inherited)",
				);
				GCC_WARN_64_TO_32_BIT_CONVERSION = YES;
				GCC_WARN_ABOUT_RETURN_TYPE = YES_ERROR;
				GCC_WARN_UNDECLARED_SELECTOR = YES;
				GCC_WARN_UNINITIALIZED_AUTOS = YES_AGGRESSIVE;
				GCC_WARN_UNUSED_FUNCTION = YES;
				GCC_WARN_UNUSED_VARIABLE = YES;
				IPHONEOS_DEPLOYMENT_TARGET = 11.4;
				MTL_ENABLE_DEBUG_INFO = YES;
				ONLY_ACTIVE_ARCH = YES;
				SDKROOT = iphoneos;
				SWIFT_ACTIVE_COMPILATION_CONDITIONS = DEBUG;
				SWIFT_OPTIMIZATION_LEVEL = "-Onone";
			};
			name = Debug;
		};
		37AB6A802179B520008FE531 /* Release */ = {
			isa = XCBuildConfiguration;
			buildSettings = {
				ALWAYS_SEARCH_USER_PATHS = NO;
				CLANG_ANALYZER_NONNULL = YES;
				CLANG_ANALYZER_NUMBER_OBJECT_CONVERSION = YES_AGGRESSIVE;
				CLANG_CXX_LANGUAGE_STANDARD = "gnu++14";
				CLANG_CXX_LIBRARY = "libc++";
				CLANG_ENABLE_MODULES = YES;
				CLANG_ENABLE_OBJC_ARC = YES;
				CLANG_ENABLE_OBJC_WEAK = YES;
				CLANG_WARN_BLOCK_CAPTURE_AUTORELEASING = YES;
				CLANG_WARN_BOOL_CONVERSION = YES;
				CLANG_WARN_COMMA = YES;
				CLANG_WARN_CONSTANT_CONVERSION = YES;
				CLANG_WARN_DEPRECATED_OBJC_IMPLEMENTATIONS = YES;
				CLANG_WARN_DIRECT_OBJC_ISA_USAGE = YES_ERROR;
				CLANG_WARN_DOCUMENTATION_COMMENTS = YES;
				CLANG_WARN_EMPTY_BODY = YES;
				CLANG_WARN_ENUM_CONVERSION = YES;
				CLANG_WARN_INFINITE_RECURSION = YES;
				CLANG_WARN_INT_CONVERSION = YES;
				CLANG_WARN_NON_LITERAL_NULL_CONVERSION = YES;
				CLANG_WARN_OBJC_IMPLICIT_RETAIN_SELF = YES;
				CLANG_WARN_OBJC_LITERAL_CONVERSION = YES;
				CLANG_WARN_OBJC_ROOT_CLASS = YES_ERROR;
				CLANG_WARN_RANGE_LOOP_ANALYSIS = YES;
				CLANG_WARN_STRICT_PROTOTYPES = YES;
				CLANG_WARN_SUSPICIOUS_MOVE = YES;
				CLANG_WARN_UNGUARDED_AVAILABILITY = YES_AGGRESSIVE;
				CLANG_WARN_UNREACHABLE_CODE = YES;
				CLANG_WARN__DUPLICATE_METHOD_MATCH = YES;
				CODE_SIGN_IDENTITY = "iPhone Developer";
				COPY_PHASE_STRIP = NO;
				DEBUG_INFORMATION_FORMAT = "dwarf-with-dsym";
				ENABLE_NS_ASSERTIONS = NO;
				ENABLE_STRICT_OBJC_MSGSEND = YES;
				GCC_C_LANGUAGE_STANDARD = gnu11;
				GCC_NO_COMMON_BLOCKS = YES;
				GCC_WARN_64_TO_32_BIT_CONVERSION = YES;
				GCC_WARN_ABOUT_RETURN_TYPE = YES_ERROR;
				GCC_WARN_UNDECLARED_SELECTOR = YES;
				GCC_WARN_UNINITIALIZED_AUTOS = YES_AGGRESSIVE;
				GCC_WARN_UNUSED_FUNCTION = YES;
				GCC_WARN_UNUSED_VARIABLE = YES;
				IPHONEOS_DEPLOYMENT_TARGET = 11.4;
				MTL_ENABLE_DEBUG_INFO = NO;
				SDKROOT = iphoneos;
				SWIFT_COMPILATION_MODE = wholemodule;
				SWIFT_OPTIMIZATION_LEVEL = "-O";
				VALIDATE_PRODUCT = YES;
			};
			name = Release;
		};
		37AB6A822179B520008FE531 /* Debug */ = {
			isa = XCBuildConfiguration;
			buildSettings = {
				ASSETCATALOG_COMPILER_APPICON_NAME = AppIcon;
				CODE_SIGN_STYLE = Automatic;
				DEVELOPMENT_TEAM = L665RRN8MH;
				INFOPLIST_FILE = WikiSearch/Info.plist;
				LD_RUNPATH_SEARCH_PATHS = (
					"$(inherited)",
					"@executable_path/Frameworks",
				);
				PRODUCT_BUNDLE_IDENTIFIER = com.k4.WikiSearch;
				PRODUCT_NAME = "$(TARGET_NAME)";
				SWIFT_VERSION = 4.0;
				TARGETED_DEVICE_FAMILY = "1,2";
			};
			name = Debug;
		};
		37AB6A832179B520008FE531 /* Release */ = {
			isa = XCBuildConfiguration;
			buildSettings = {
				ASSETCATALOG_COMPILER_APPICON_NAME = AppIcon;
				CODE_SIGN_STYLE = Automatic;
				DEVELOPMENT_TEAM = L665RRN8MH;
				INFOPLIST_FILE = WikiSearch/Info.plist;
				LD_RUNPATH_SEARCH_PATHS = (
					"$(inherited)",
					"@executable_path/Frameworks",
				);
				PRODUCT_BUNDLE_IDENTIFIER = com.k4.WikiSearch;
				PRODUCT_NAME = "$(TARGET_NAME)";
				SWIFT_VERSION = 4.0;
				TARGETED_DEVICE_FAMILY = "1,2";
			};
			name = Release;
		};
/* End XCBuildConfiguration section */

/* Begin XCConfigurationList section */
		37AB6A6A2179B514008FE531 /* Build configuration list for PBXProject "WikiSearch" */ = {
			isa = XCConfigurationList;
			buildConfigurations = (
				37AB6A7F2179B520008FE531 /* Debug */,
				37AB6A802179B520008FE531 /* Release */,
			);
			defaultConfigurationIsVisible = 0;
			defaultConfigurationName = Release;
		};
		37AB6A812179B520008FE531 /* Build configuration list for PBXNativeTarget "WikiSearch" */ = {
			isa = XCConfigurationList;
			buildConfigurations = (
				37AB6A822179B520008FE531 /* Debug */,
				37AB6A832179B520008FE531 /* Release */,
			);
			defaultConfigurationIsVisible = 0;
			defaultConfigurationName = Release;
		};
/* End XCConfigurationList section */

/* Begin XCVersionGroup section */
		37AB6A902179D132008FE531 /* Model.xcdatamodeld */ = {
			isa = XCVersionGroup;
			children = (
				37AB6A912179D132008FE531 /* Model.xcdatamodel */,
			);
			currentVersion = 37AB6A912179D132008FE531 /* Model.xcdatamodel */;
			path = Model.xcdatamodeld;
			sourceTree = "<group>";
			versionGroupType = wrapper.xcdatamodel;
		};
/* End XCVersionGroup section */
	};
	rootObject = 37AB6A672179B514008FE531 /* Project object */;
}
